
Microsoft Visual Studio Solution File, Format Version 12.00
# Visual Studio Version 16
VisualStudioVersion = 16.0.30804.86
MinimumVisualStudioVersion = 10.0.40219.1
Project("{FAE04EC0-301F-11D3-BF4B-00C04F79EFBC}") = "BinarySearch", "BinarySearch\BinarySearch.csproj", "{19D39D9C-583F-43C6-8831-C2AAEBFDAFB8}"
EndProject
Global
	GlobalSection(SolutionConfigurationPlatforms) = preSolution
		Debug|Any CPU = Debug|Any CPU
		Release|Any CPU = Release|Any CPU
	EndGlobalSection
	GlobalSection(ProjectConfigurationPlatforms) = postSolution
		{19D39D9C-583F-43C6-8831-C2AAEBFDAFB8}.Debug|Any CPU.ActiveCfg = Debug|Any CPU
		{19D39D9C-583F-43C6-8831-C2AAEBFDAFB8}.Debug|Any CPU.Build.0 = Debug|Any CPU
		{19D39D9C-583F-43C6-8831-C2AAEBFDAFB8}.Release|Any CPU.ActiveCfg = Release|Any CPU
		{19D39D9C-583F-43C6-8831-C2AAEBFDAFB8}.Release|Any CPU.Build.0 = Release|Any CPU
	EndGlobalSection
	GlobalSection(SolutionProperties) = preSolution
		HideSolutionNode = FALSE
	EndGlobalSection
	GlobalSection(ExtensibilityGlobals) = postSolution
		SolutionGuid = {1ED49F77-15CE-4D21-977D-7B7BA917DF75}
	EndGlobalSection
EndGlobal
